// !$*UTF8*$!
{
	archiveVersion = 1;
	classes = {
	};
	objectVersion = 56;
	objects = {

/* Begin PBXBuildFile section */
		9F631C091DA0C9D103DB5699 /* Pods_AppAnimation.framework in Frameworks */ = {isa = PBXBuildFile; fileRef = 5750BA0952CF97D1DFE6A54B /* Pods_AppAnimation.framework */; };
		D20D9EF32B99467E00D183BA /* DragAndDropView.swift in Sources */ = {isa = PBXBuildFile; fileRef = D20D9EF22B99467E00D183BA /* DragAndDropView.swift */; };
		D20D9EF62B9949A200D183BA /* Algorithms in Frameworks */ = {isa = PBXBuildFile; productRef = D20D9EF52B9949A200D183BA /* Algorithms */; };
		D20D9EFA2B995B6400D183BA /* ImageCircle.swift in Sources */ = {isa = PBXBuildFile; fileRef = D20D9EF92B995B6400D183BA /* ImageCircle.swift */; };
		D20D9EFD2B995CB500D183BA /* SymbolView.swift in Sources */ = {isa = PBXBuildFile; fileRef = D20D9EFC2B995CB500D183BA /* SymbolView.swift */; };
		D20D9F0D2B99964E00D183BA /* SwiftUIView.swift in Sources */ = {isa = PBXBuildFile; fileRef = D20D9F0C2B99964E00D183BA /* SwiftUIView.swift */; };
		D20D9F0F2B9996D000D183BA /* BasicView.swift in Sources */ = {isa = PBXBuildFile; fileRef = D20D9F0E2B9996D000D183BA /* BasicView.swift */; };
		D20D9F122B999CE800D183BA /* StateView.swift in Sources */ = {isa = PBXBuildFile; fileRef = D20D9F112B999CE800D183BA /* StateView.swift */; };
		D20D9F142B999D0600D183BA /* BindingView.swift in Sources */ = {isa = PBXBuildFile; fileRef = D20D9F132B999D0600D183BA /* BindingView.swift */; };
		D2C8DCB42B95AB3C00F50D27 /* AppAnimationApp.swift in Sources */ = {isa = PBXBuildFile; fileRef = D2C8DCB32B95AB3C00F50D27 /* AppAnimationApp.swift */; };
		D2C8DCB62B95AB3C00F50D27 /* ContentView.swift in Sources */ = {isa = PBXBuildFile; fileRef = D2C8DCB52B95AB3C00F50D27 /* ContentView.swift */; };
		D2C8DCB82B95AB3C00F50D27 /* Item.swift in Sources */ = {isa = PBXBuildFile; fileRef = D2C8DCB72B95AB3C00F50D27 /* Item.swift */; };
		D2C8DCBA2B95AB3F00F50D27 /* Assets.xcassets in Resources */ = {isa = PBXBuildFile; fileRef = D2C8DCB92B95AB3F00F50D27 /* Assets.xcassets */; };
		D2C8DCBD2B95AB3F00F50D27 /* Preview Assets.xcassets in Resources */ = {isa = PBXBuildFile; fileRef = D2C8DCBC2B95AB3F00F50D27 /* Preview Assets.xcassets */; };
		D2C8DCC72B95AB3F00F50D27 /* AppAnimationTests.swift in Sources */ = {isa = PBXBuildFile; fileRef = D2C8DCC62B95AB3F00F50D27 /* AppAnimationTests.swift */; };
		D2C8DCD12B95AB3F00F50D27 /* AppAnimationUITests.swift in Sources */ = {isa = PBXBuildFile; fileRef = D2C8DCD02B95AB3F00F50D27 /* AppAnimationUITests.swift */; };
		D2C8DCD32B95AB3F00F50D27 /* AppAnimationUITestsLaunchTests.swift in Sources */ = {isa = PBXBuildFile; fileRef = D2C8DCD22B95AB3F00F50D27 /* AppAnimationUITestsLaunchTests.swift */; };
		D2E716842BA29F1100DFC118 /* model.swift in Sources */ = {isa = PBXBuildFile; fileRef = D2E716832BA29F1100DFC118 /* model.swift */; };
		D2E716862BA29F6000DFC118 /* SwiftDataView.swift in Sources */ = {isa = PBXBuildFile; fileRef = D2E716852BA29F6000DFC118 /* SwiftDataView.swift */; };
		D2E716882BA2A19F00DFC118 /* UserView.swift in Sources */ = {isa = PBXBuildFile; fileRef = D2E716872BA2A19F00DFC118 /* UserView.swift */; };
		D2E7168A2BA2EB0100DFC118 /* ListUserView.swift in Sources */ = {isa = PBXBuildFile; fileRef = D2E716892BA2EB0100DFC118 /* ListUserView.swift */; };
		D2E7168D2BA320D800DFC118 /* BottomSheetView.swift in Sources */ = {isa = PBXBuildFile; fileRef = D2E7168C2BA320D800DFC118 /* BottomSheetView.swift */; };
		D2E7168F2BA32B4B00DFC118 /* MainBottomView.swift in Sources */ = {isa = PBXBuildFile; fileRef = D2E7168E2BA32B4B00DFC118 /* MainBottomView.swift */; };
		D2E716922BA32EAE00DFC118 /* ModelCard.swift in Sources */ = {isa = PBXBuildFile; fileRef = D2E716912BA32EAE00DFC118 /* ModelCard.swift */; };
		D2E716942BA32F7C00DFC118 /* StackedCard.swift in Sources */ = {isa = PBXBuildFile; fileRef = D2E716932BA32F7C00DFC118 /* StackedCard.swift */; };
/* End PBXBuildFile section */

/* Begin PBXContainerItemProxy section */
		D2C8DCC32B95AB3F00F50D27 /* PBXContainerItemProxy */ = {
			isa = PBXContainerItemProxy;
			containerPortal = D2C8DCA82B95AB3C00F50D27 /* Project object */;
			proxyType = 1;
			remoteGlobalIDString = D2C8DCAF2B95AB3C00F50D27;
			remoteInfo = AppAnimation;
		};
		D2C8DCCD2B95AB3F00F50D27 /* PBXContainerItemProxy */ = {
			isa = PBXContainerItemProxy;
			containerPortal = D2C8DCA82B95AB3C00F50D27 /* Project object */;
			proxyType = 1;
			remoteGlobalIDString = D2C8DCAF2B95AB3C00F50D27;
			remoteInfo = AppAnimation;
		};
/* End PBXContainerItemProxy section */

/* Begin PBXFileReference section */
		10BB52107A46DFE23736C7CB /* Pods-AppAnimation.release.xcconfig */ = {isa = PBXFileReference; includeInIndex = 1; lastKnownFileType = text.xcconfig; name = "Pods-AppAnimation.release.xcconfig"; path = "Target Support Files/Pods-AppAnimation/Pods-AppAnimation.release.xcconfig"; sourceTree = "<group>"; };
		5750BA0952CF97D1DFE6A54B /* Pods_AppAnimation.framework */ = {isa = PBXFileReference; explicitFileType = wrapper.framework; includeInIndex = 0; path = Pods_AppAnimation.framework; sourceTree = BUILT_PRODUCTS_DIR; };
		A0E7E9E4A6E7CE8EE4897125 /* Pods-AppAnimation.debug.xcconfig */ = {isa = PBXFileReference; includeInIndex = 1; lastKnownFileType = text.xcconfig; name = "Pods-AppAnimation.debug.xcconfig"; path = "Target Support Files/Pods-AppAnimation/Pods-AppAnimation.debug.xcconfig"; sourceTree = "<group>"; };
		D20D9EF22B99467E00D183BA /* DragAndDropView.swift */ = {isa = PBXFileReference; lastKnownFileType = sourcecode.swift; path = DragAndDropView.swift; sourceTree = "<group>"; };
		D20D9EF72B99574F00D183BA /* Info.plist */ = {isa = PBXFileReference; lastKnownFileType = text.plist; path = Info.plist; sourceTree = "<group>"; };
		D20D9EF92B995B6400D183BA /* ImageCircle.swift */ = {isa = PBXFileReference; lastKnownFileType = sourcecode.swift; path = ImageCircle.swift; sourceTree = "<group>"; };
		D20D9EFC2B995CB500D183BA /* SymbolView.swift */ = {isa = PBXFileReference; lastKnownFileType = sourcecode.swift; path = SymbolView.swift; sourceTree = "<group>"; };
		D20D9F0C2B99964E00D183BA /* SwiftUIView.swift */ = {isa = PBXFileReference; lastKnownFileType = sourcecode.swift; path = SwiftUIView.swift; sourceTree = "<group>"; };
		D20D9F0E2B9996D000D183BA /* BasicView.swift */ = {isa = PBXFileReference; lastKnownFileType = sourcecode.swift; path = BasicView.swift; sourceTree = "<group>"; };
		D20D9F112B999CE800D183BA /* StateView.swift */ = {isa = PBXFileReference; lastKnownFileType = sourcecode.swift; path = StateView.swift; sourceTree = "<group>"; };
		D20D9F132B999D0600D183BA /* BindingView.swift */ = {isa = PBXFileReference; lastKnownFileType = sourcecode.swift; path = BindingView.swift; sourceTree = "<group>"; };
		D2C8DCB02B95AB3C00F50D27 /* AppAnimation.app */ = {isa = PBXFileReference; explicitFileType = wrapper.application; includeInIndex = 0; path = AppAnimation.app; sourceTree = BUILT_PRODUCTS_DIR; };
		D2C8DCB32B95AB3C00F50D27 /* AppAnimationApp.swift */ = {isa = PBXFileReference; lastKnownFileType = sourcecode.swift; path = AppAnimationApp.swift; sourceTree = "<group>"; };
		D2C8DCB52B95AB3C00F50D27 /* ContentView.swift */ = {isa = PBXFileReference; lastKnownFileType = sourcecode.swift; path = ContentView.swift; sourceTree = "<group>"; };
		D2C8DCB72B95AB3C00F50D27 /* Item.swift */ = {isa = PBXFileReference; lastKnownFileType = sourcecode.swift; path = Item.swift; sourceTree = "<group>"; };
		D2C8DCB92B95AB3F00F50D27 /* Assets.xcassets */ = {isa = PBXFileReference; lastKnownFileType = folder.assetcatalog; path = Assets.xcassets; sourceTree = "<group>"; };
		D2C8DCBC2B95AB3F00F50D27 /* Preview Assets.xcassets */ = {isa = PBXFileReference; lastKnownFileType = folder.assetcatalog; path = "Preview Assets.xcassets"; sourceTree = "<group>"; };
		D2C8DCC22B95AB3F00F50D27 /* AppAnimationTests.xctest */ = {isa = PBXFileReference; explicitFileType = wrapper.cfbundle; includeInIndex = 0; path = AppAnimationTests.xctest; sourceTree = BUILT_PRODUCTS_DIR; };
		D2C8DCC62B95AB3F00F50D27 /* AppAnimationTests.swift */ = {isa = PBXFileReference; lastKnownFileType = sourcecode.swift; path = AppAnimationTests.swift; sourceTree = "<group>"; };
		D2C8DCCC2B95AB3F00F50D27 /* AppAnimationUITests.xctest */ = {isa = PBXFileReference; explicitFileType = wrapper.cfbundle; includeInIndex = 0; path = AppAnimationUITests.xctest; sourceTree = BUILT_PRODUCTS_DIR; };
		D2C8DCD02B95AB3F00F50D27 /* AppAnimationUITests.swift */ = {isa = PBXFileReference; lastKnownFileType = sourcecode.swift; path = AppAnimationUITests.swift; sourceTree = "<group>"; };
		D2C8DCD22B95AB3F00F50D27 /* AppAnimationUITestsLaunchTests.swift */ = {isa = PBXFileReference; lastKnownFileType = sourcecode.swift; path = AppAnimationUITestsLaunchTests.swift; sourceTree = "<group>"; };
		D2E716832BA29F1100DFC118 /* model.swift */ = {isa = PBXFileReference; lastKnownFileType = sourcecode.swift; path = model.swift; sourceTree = "<group>"; };
		D2E716852BA29F6000DFC118 /* SwiftDataView.swift */ = {isa = PBXFileReference; lastKnownFileType = sourcecode.swift; path = SwiftDataView.swift; sourceTree = "<group>"; };
		D2E716872BA2A19F00DFC118 /* UserView.swift */ = {isa = PBXFileReference; lastKnownFileType = sourcecode.swift; path = UserView.swift; sourceTree = "<group>"; };
		D2E716892BA2EB0100DFC118 /* ListUserView.swift */ = {isa = PBXFileReference; lastKnownFileType = sourcecode.swift; path = ListUserView.swift; sourceTree = "<group>"; };
		D2E7168C2BA320D800DFC118 /* BottomSheetView.swift */ = {isa = PBXFileReference; lastKnownFileType = sourcecode.swift; path = BottomSheetView.swift; sourceTree = "<group>"; };
		D2E7168E2BA32B4B00DFC118 /* MainBottomView.swift */ = {isa = PBXFileReference; lastKnownFileType = sourcecode.swift; path = MainBottomView.swift; sourceTree = "<group>"; };
		D2E716912BA32EAE00DFC118 /* ModelCard.swift */ = {isa = PBXFileReference; lastKnownFileType = sourcecode.swift; path = ModelCard.swift; sourceTree = "<group>"; };
		D2E716932BA32F7C00DFC118 /* StackedCard.swift */ = {isa = PBXFileReference; lastKnownFileType = sourcecode.swift; path = StackedCard.swift; sourceTree = "<group>"; };
/* End PBXFileReference section */

/* Begin PBXFrameworksBuildPhase section */
		D2C8DCAD2B95AB3C00F50D27 /* Frameworks */ = {
			isa = PBXFrameworksBuildPhase;
			buildActionMask = 2147483647;
			files = (
				D20D9EF62B9949A200D183BA /* Algorithms in Frameworks */,
				9F631C091DA0C9D103DB5699 /* Pods_AppAnimation.framework in Frameworks */,
			);
			runOnlyForDeploymentPostprocessing = 0;
		};
		D2C8DCBF2B95AB3F00F50D27 /* Frameworks */ = {
			isa = PBXFrameworksBuildPhase;
			buildActionMask = 2147483647;
			files = (
			);
			runOnlyForDeploymentPostprocessing = 0;
		};
		D2C8DCC92B95AB3F00F50D27 /* Frameworks */ = {
			isa = PBXFrameworksBuildPhase;
			buildActionMask = 2147483647;
			files = (
			);
			runOnlyForDeploymentPostprocessing = 0;
		};
/* End PBXFrameworksBuildPhase section */

/* Begin PBXGroup section */
		305A48DFE7A459D47F10ADAE /* Pods */ = {
			isa = PBXGroup;
			children = (
				A0E7E9E4A6E7CE8EE4897125 /* Pods-AppAnimation.debug.xcconfig */,
				10BB52107A46DFE23736C7CB /* Pods-AppAnimation.release.xcconfig */,
			);
			name = Pods;
			path = Pods;
			sourceTree = "<group>";
		};
		D20D9EF82B995B4500D183BA /* Image */ = {
			isa = PBXGroup;
			children = (
				D20D9EF92B995B6400D183BA /* ImageCircle.swift */,
			);
			path = Image;
			sourceTree = "<group>";
		};
		D20D9EFB2B995CA500D183BA /* Symbol */ = {
			isa = PBXGroup;
			children = (
				D20D9EFC2B995CB500D183BA /* SymbolView.swift */,
			);
			path = Symbol;
			sourceTree = "<group>";
		};
		D20D9F102B999CD400D183BA /* learn */ = {
			isa = PBXGroup;
			children = (
				D20D9F112B999CE800D183BA /* StateView.swift */,
				D20D9F132B999D0600D183BA /* BindingView.swift */,
			);
			path = learn;
			sourceTree = "<group>";
		};
		D2C8DCA72B95AB3C00F50D27 = {
			isa = PBXGroup;
			children = (
				D2C8DCB22B95AB3C00F50D27 /* AppAnimation */,
				D2C8DCC52B95AB3F00F50D27 /* AppAnimationTests */,
				D2C8DCCF2B95AB3F00F50D27 /* AppAnimationUITests */,
				D2C8DCB12B95AB3C00F50D27 /* Products */,
				305A48DFE7A459D47F10ADAE /* Pods */,
				F90D608AA9CF46F2C74987CD /* Frameworks */,
			);
			sourceTree = "<group>";
		};
		D2C8DCB12B95AB3C00F50D27 /* Products */ = {
			isa = PBXGroup;
			children = (
				D2C8DCB02B95AB3C00F50D27 /* AppAnimation.app */,
				D2C8DCC22B95AB3F00F50D27 /* AppAnimationTests.xctest */,
				D2C8DCCC2B95AB3F00F50D27 /* AppAnimationUITests.xctest */,
			);
			name = Products;
			sourceTree = "<group>";
		};
		D2C8DCB22B95AB3C00F50D27 /* AppAnimation */ = {
			isa = PBXGroup;
			children = (
				D20D9EF72B99574F00D183BA /* Info.plist */,
				D2C8DCE42B95AD6E00F50D27 /* UI */,
				D2C8DCE32B95AD5900F50D27 /* Modules */,
				D2C8DCE12B95AD3D00F50D27 /* Services */,
				D2C8DCDF2B95AD2200F50D27 /* Common */,
				D2C8DCB32B95AB3C00F50D27 /* AppAnimationApp.swift */,
				D2C8DCB52B95AB3C00F50D27 /* ContentView.swift */,
				D2C8DCB72B95AB3C00F50D27 /* Item.swift */,
				D2C8DCB92B95AB3F00F50D27 /* Assets.xcassets */,
				D2C8DCBB2B95AB3F00F50D27 /* Preview Content */,
			);
			path = AppAnimation;
			sourceTree = "<group>";
		};
		D2C8DCBB2B95AB3F00F50D27 /* Preview Content */ = {
			isa = PBXGroup;
			children = (
				D2C8DCBC2B95AB3F00F50D27 /* Preview Assets.xcassets */,
			);
			path = "Preview Content";
			sourceTree = "<group>";
		};
		D2C8DCC52B95AB3F00F50D27 /* AppAnimationTests */ = {
			isa = PBXGroup;
			children = (
				D2C8DCC62B95AB3F00F50D27 /* AppAnimationTests.swift */,
			);
			path = AppAnimationTests;
			sourceTree = "<group>";
		};
		D2C8DCCF2B95AB3F00F50D27 /* AppAnimationUITests */ = {
			isa = PBXGroup;
			children = (
				D2C8DCD02B95AB3F00F50D27 /* AppAnimationUITests.swift */,
				D2C8DCD22B95AB3F00F50D27 /* AppAnimationUITestsLaunchTests.swift */,
			);
			path = AppAnimationUITests;
			sourceTree = "<group>";
		};
		D2C8DCDF2B95AD2200F50D27 /* Common */ = {
			isa = PBXGroup;
			children = (
				D2C8DCE02B95AD2A00F50D27 /* Resources */,
			);
			path = Common;
			sourceTree = "<group>";
		};
		D2C8DCE02B95AD2A00F50D27 /* Resources */ = {
			isa = PBXGroup;
			children = (
			);
			path = Resources;
			sourceTree = "<group>";
		};
		D2C8DCE12B95AD3D00F50D27 /* Services */ = {
			isa = PBXGroup;
			children = (
				D2C8DCE22B95AD4600F50D27 /* DatabaseService */,
			);
			path = Services;
			sourceTree = "<group>";
		};
		D2C8DCE22B95AD4600F50D27 /* DatabaseService */ = {
			isa = PBXGroup;
			children = (
			);
			path = DatabaseService;
			sourceTree = "<group>";
		};
		D2C8DCE32B95AD5900F50D27 /* Modules */ = {
			isa = PBXGroup;
			children = (
				D2E716902BA32E9B00DFC118 /* StackedCards */,
				D2E7168B2BA320C300DFC118 /* BottomSheet */,
				D2E716802BA29C0F00DFC118 /* SwiftData */,
				D20D9F102B999CD400D183BA /* learn */,
				D20D9EFB2B995CA500D183BA /* Symbol */,
				D20D9EF82B995B4500D183BA /* Image */,
				D2C8DCE62B95AD8800F50D27 /* Animation */,
			);
			path = Modules;
			sourceTree = "<group>";
		};
		D2C8DCE42B95AD6E00F50D27 /* UI */ = {
			isa = PBXGroup;
			children = (
			);
			path = UI;
			sourceTree = "<group>";
		};
		D2C8DCE62B95AD8800F50D27 /* Animation */ = {
			isa = PBXGroup;
			children = (
				D20D9EF22B99467E00D183BA /* DragAndDropView.swift */,
				D20D9F0C2B99964E00D183BA /* SwiftUIView.swift */,
				D20D9F0E2B9996D000D183BA /* BasicView.swift */,
			);
			path = Animation;
			sourceTree = "<group>";
		};
		D2E716802BA29C0F00DFC118 /* SwiftData */ = {
			isa = PBXGroup;
			children = (
				D2E716832BA29F1100DFC118 /* model.swift */,
				D2E716852BA29F6000DFC118 /* SwiftDataView.swift */,
				D2E716872BA2A19F00DFC118 /* UserView.swift */,
				D2E716892BA2EB0100DFC118 /* ListUserView.swift */,
			);
			path = SwiftData;
			sourceTree = "<group>";
		};
		D2E7168B2BA320C300DFC118 /* BottomSheet */ = {
			isa = PBXGroup;
			children = (
				D2E7168C2BA320D800DFC118 /* BottomSheetView.swift */,
				D2E7168E2BA32B4B00DFC118 /* MainBottomView.swift */,
			);
			path = BottomSheet;
			sourceTree = "<group>";
		};
		D2E716902BA32E9B00DFC118 /* StackedCards */ = {
			isa = PBXGroup;
			children = (
				D2E716912BA32EAE00DFC118 /* ModelCard.swift */,
				D2E716932BA32F7C00DFC118 /* StackedCard.swift */,
			);
			path = StackedCards;
			sourceTree = "<group>";
		};
		F90D608AA9CF46F2C74987CD /* Frameworks */ = {
			isa = PBXGroup;
			children = (
				5750BA0952CF97D1DFE6A54B /* Pods_AppAnimation.framework */,
			);
			name = Frameworks;
			sourceTree = "<group>";
		};
/* End PBXGroup section */

/* Begin PBXNativeTarget section */
		D2C8DCAF2B95AB3C00F50D27 /* AppAnimation */ = {
			isa = PBXNativeTarget;
			buildConfigurationList = D2C8DCD62B95AB3F00F50D27 /* Build configuration list for PBXNativeTarget "AppAnimation" */;
			buildPhases = (
				1A7F37D6148E5418F89631A7 /* [CP] Check Pods Manifest.lock */,
				D2C8DCAC2B95AB3C00F50D27 /* Sources */,
				D2C8DCAD2B95AB3C00F50D27 /* Frameworks */,
				D2C8DCAE2B95AB3C00F50D27 /* Resources */,
				0D3AA4EEDCC3CDDB417E0A1A /* [CP] Embed Pods Frameworks */,
			);
			buildRules = (
			);
			dependencies = (
			);
			name = AppAnimation;
			packageProductDependencies = (
				D20D9EF52B9949A200D183BA /* Algorithms */,
			);
			productName = AppAnimation;
			productReference = D2C8DCB02B95AB3C00F50D27 /* AppAnimation.app */;
			productType = "com.apple.product-type.application";
		};
		D2C8DCC12B95AB3F00F50D27 /* AppAnimationTests */ = {
			isa = PBXNativeTarget;
			buildConfigurationList = D2C8DCD92B95AB3F00F50D27 /* Build configuration list for PBXNativeTarget "AppAnimationTests" */;
			buildPhases = (
				D2C8DCBE2B95AB3F00F50D27 /* Sources */,
				D2C8DCBF2B95AB3F00F50D27 /* Frameworks */,
				D2C8DCC02B95AB3F00F50D27 /* Resources */,
			);
			buildRules = (
			);
			dependencies = (
				D2C8DCC42B95AB3F00F50D27 /* PBXTargetDependency */,
			);
			name = AppAnimationTests;
			productName = AppAnimationTests;
			productReference = D2C8DCC22B95AB3F00F50D27 /* AppAnimationTests.xctest */;
			productType = "com.apple.product-type.bundle.unit-test";
		};
		D2C8DCCB2B95AB3F00F50D27 /* AppAnimationUITests */ = {
			isa = PBXNativeTarget;
			buildConfigurationList = D2C8DCDC2B95AB3F00F50D27 /* Build configuration list for PBXNativeTarget "AppAnimationUITests" */;
			buildPhases = (
				D2C8DCC82B95AB3F00F50D27 /* Sources */,
				D2C8DCC92B95AB3F00F50D27 /* Frameworks */,
				D2C8DCCA2B95AB3F00F50D27 /* Resources */,
			);
			buildRules = (
			);
			dependencies = (
				D2C8DCCE2B95AB3F00F50D27 /* PBXTargetDependency */,
			);
			name = AppAnimationUITests;
			productName = AppAnimationUITests;
			productReference = D2C8DCCC2B95AB3F00F50D27 /* AppAnimationUITests.xctest */;
			productType = "com.apple.product-type.bundle.ui-testing";
		};
/* End PBXNativeTarget section */

/* Begin PBXProject section */
		D2C8DCA82B95AB3C00F50D27 /* Project object */ = {
			isa = PBXProject;
			attributes = {
				BuildIndependentTargetsInParallel = 1;
				LastSwiftUpdateCheck = 1520;
				LastUpgradeCheck = 1520;
				TargetAttributes = {
					D2C8DCAF2B95AB3C00F50D27 = {
						CreatedOnToolsVersion = 15.2;
					};
					D2C8DCC12B95AB3F00F50D27 = {
						CreatedOnToolsVersion = 15.2;
						TestTargetID = D2C8DCAF2B95AB3C00F50D27;
					};
					D2C8DCCB2B95AB3F00F50D27 = {
						CreatedOnToolsVersion = 15.2;
						TestTargetID = D2C8DCAF2B95AB3C00F50D27;
					};
				};
			};
			buildConfigurationList = D2C8DCAB2B95AB3C00F50D27 /* Build configuration list for PBXProject "AppAnimation" */;
			compatibilityVersion = "Xcode 14.0";
			developmentRegion = en;
			hasScannedForEncodings = 0;
			knownRegions = (
				en,
				Base,
			);
			mainGroup = D2C8DCA72B95AB3C00F50D27;
			packageReferences = (
				D20D9EF42B9949A200D183BA /* XCRemoteSwiftPackageReference "swift-algorithms" */,
			);
			productRefGroup = D2C8DCB12B95AB3C00F50D27 /* Products */;
			projectDirPath = "";
			projectRoot = "";
			targets = (
				D2C8DCAF2B95AB3C00F50D27 /* AppAnimation */,
				D2C8DCC12B95AB3F00F50D27 /* AppAnimationTests */,
				D2C8DCCB2B95AB3F00F50D27 /* AppAnimationUITests */,
			);
		};
/* End PBXProject section */

/* Begin PBXResourcesBuildPhase section */
		D2C8DCAE2B95AB3C00F50D27 /* Resources */ = {
			isa = PBXResourcesBuildPhase;
			buildActionMask = 2147483647;
			files = (
				D2C8DCBD2B95AB3F00F50D27 /* Preview Assets.xcassets in Resources */,
				D2C8DCBA2B95AB3F00F50D27 /* Assets.xcassets in Resources */,
			);
			runOnlyForDeploymentPostprocessing = 0;
		};
		D2C8DCC02B95AB3F00F50D27 /* Resources */ = {
			isa = PBXResourcesBuildPhase;
			buildActionMask = 2147483647;
			files = (
			);
			runOnlyForDeploymentPostprocessing = 0;
		};
		D2C8DCCA2B95AB3F00F50D27 /* Resources */ = {
			isa = PBXResourcesBuildPhase;
			buildActionMask = 2147483647;
			files = (
			);
			runOnlyForDeploymentPostprocessing = 0;
		};
/* End PBXResourcesBuildPhase section */

/* Begin PBXShellScriptBuildPhase section */
		0D3AA4EEDCC3CDDB417E0A1A /* [CP] Embed Pods Frameworks */ = {
			isa = PBXShellScriptBuildPhase;
			buildActionMask = 2147483647;
			files = (
			);
			inputFileListPaths = (
				"${PODS_ROOT}/Target Support Files/Pods-AppAnimation/Pods-AppAnimation-frameworks-${CONFIGURATION}-input-files.xcfilelist",
			);
			name = "[CP] Embed Pods Frameworks";
			outputFileListPaths = (
				"${PODS_ROOT}/Target Support Files/Pods-AppAnimation/Pods-AppAnimation-frameworks-${CONFIGURATION}-output-files.xcfilelist",
			);
			runOnlyForDeploymentPostprocessing = 0;
			shellPath = /bin/sh;
			shellScript = "\"${PODS_ROOT}/Target Support Files/Pods-AppAnimation/Pods-AppAnimation-frameworks.sh\"\n";
			showEnvVarsInLog = 0;
		};
		1A7F37D6148E5418F89631A7 /* [CP] Check Pods Manifest.lock */ = {
			isa = PBXShellScriptBuildPhase;
			buildActionMask = 2147483647;
			files = (
			);
			inputFileListPaths = (
			);
			inputPaths = (
				"${PODS_PODFILE_DIR_PATH}/Podfile.lock",
				"${PODS_ROOT}/Manifest.lock",
			);
			name = "[CP] Check Pods Manifest.lock";
			outputFileListPaths = (
			);
			outputPaths = (
				"$(DERIVED_FILE_DIR)/Pods-AppAnimation-checkManifestLockResult.txt",
			);
			runOnlyForDeploymentPostprocessing = 0;
			shellPath = /bin/sh;
			shellScript = "diff \"${PODS_PODFILE_DIR_PATH}/Podfile.lock\" \"${PODS_ROOT}/Manifest.lock\" > /dev/null\nif [ $? != 0 ] ; then\n    # print error to STDERR\n    echo \"error: The sandbox is not in sync with the Podfile.lock. Run 'pod install' or update your CocoaPods installation.\" >&2\n    exit 1\nfi\n# This output is used by Xcode 'outputs' to avoid re-running this script phase.\necho \"SUCCESS\" > \"${SCRIPT_OUTPUT_FILE_0}\"\n";
			showEnvVarsInLog = 0;
		};
/* End PBXShellScriptBuildPhase section */

/* Begin PBXSourcesBuildPhase section */
		D2C8DCAC2B95AB3C00F50D27 /* Sources */ = {
			isa = PBXSourcesBuildPhase;
			buildActionMask = 2147483647;
			files = (
				D2E716862BA29F6000DFC118 /* SwiftDataView.swift in Sources */,
				D20D9EFD2B995CB500D183BA /* SymbolView.swift in Sources */,
				D20D9F0D2B99964E00D183BA /* SwiftUIView.swift in Sources */,
				D2E716842BA29F1100DFC118 /* model.swift in Sources */,
				D2E7168F2BA32B4B00DFC118 /* MainBottomView.swift in Sources */,
				D20D9F142B999D0600D183BA /* BindingView.swift in Sources */,
				D2C8DCB62B95AB3C00F50D27 /* ContentView.swift in Sources */,
				D2E716942BA32F7C00DFC118 /* StackedCard.swift in Sources */,
				D20D9EF32B99467E00D183BA /* DragAndDropView.swift in Sources */,
				D20D9EFA2B995B6400D183BA /* ImageCircle.swift in Sources */,
				D2C8DCB82B95AB3C00F50D27 /* Item.swift in Sources */,
				D20D9F122B999CE800D183BA /* StateView.swift in Sources */,
				D2E716882BA2A19F00DFC118 /* UserView.swift in Sources */,
				D2E7168D2BA320D800DFC118 /* BottomSheetView.swift in Sources */,
				D2C8DCB42B95AB3C00F50D27 /* AppAnimationApp.swift in Sources */,
				D20D9F0F2B9996D000D183BA /* BasicView.swift in Sources */,
				D2E716922BA32EAE00DFC118 /* ModelCard.swift in Sources */,
				D2E7168A2BA2EB0100DFC118 /* ListUserView.swift in Sources */,
			);
			runOnlyForDeploymentPostprocessing = 0;
		};
		D2C8DCBE2B95AB3F00F50D27 /* Sources */ = {
			isa = PBXSourcesBuildPhase;
			buildActionMask = 2147483647;
			files = (
				D2C8DCC72B95AB3F00F50D27 /* AppAnimationTests.swift in Sources */,
			);
			runOnlyForDeploymentPostprocessing = 0;
		};
		D2C8DCC82B95AB3F00F50D27 /* Sources */ = {
			isa = PBXSourcesBuildPhase;
			buildActionMask = 2147483647;
			files = (
				D2C8DCD12B95AB3F00F50D27 /* AppAnimationUITests.swift in Sources */,
				D2C8DCD32B95AB3F00F50D27 /* AppAnimationUITestsLaunchTests.swift in Sources */,
			);
			runOnlyForDeploymentPostprocessing = 0;
		};
/* End PBXSourcesBuildPhase section */

/* Begin PBXTargetDependency section */
		D2C8DCC42B95AB3F00F50D27 /* PBXTargetDependency */ = {
			isa = PBXTargetDependency;
			target = D2C8DCAF2B95AB3C00F50D27 /* AppAnimation */;
			targetProxy = D2C8DCC32B95AB3F00F50D27 /* PBXContainerItemProxy */;
		};
		D2C8DCCE2B95AB3F00F50D27 /* PBXTargetDependency */ = {
			isa = PBXTargetDependency;
			target = D2C8DCAF2B95AB3C00F50D27 /* AppAnimation */;
			targetProxy = D2C8DCCD2B95AB3F00F50D27 /* PBXContainerItemProxy */;
		};
/* End PBXTargetDependency section */

/* Begin XCBuildConfiguration section */
		D2C8DCD42B95AB3F00F50D27 /* Debug */ = {
			isa = XCBuildConfiguration;
			buildSettings = {
				ALWAYS_SEARCH_USER_PATHS = NO;
				ASSETCATALOG_COMPILER_GENERATE_SWIFT_ASSET_SYMBOL_EXTENSIONS = YES;
				CLANG_ANALYZER_NONNULL = YES;
				CLANG_ANALYZER_NUMBER_OBJECT_CONVERSION = YES_AGGRESSIVE;
				CLANG_CXX_LANGUAGE_STANDARD = "gnu++20";
				CLANG_ENABLE_MODULES = YES;
				CLANG_ENABLE_OBJC_ARC = YES;
				CLANG_ENABLE_OBJC_WEAK = YES;
				CLANG_WARN_BLOCK_CAPTURE_AUTORELEASING = YES;
				CLANG_WARN_BOOL_CONVERSION = YES;
				CLANG_WARN_COMMA = YES;
				CLANG_WARN_CONSTANT_CONVERSION = YES;
				CLANG_WARN_DEPRECATED_OBJC_IMPLEMENTATIONS = YES;
				CLANG_WARN_DIRECT_OBJC_ISA_USAGE = YES_ERROR;
				CLANG_WARN_DOCUMENTATION_COMMENTS = YES;
				CLANG_WARN_EMPTY_BODY = YES;
				CLANG_WARN_ENUM_CONVERSION = YES;
				CLANG_WARN_INFINITE_RECURSION = YES;
				CLANG_WARN_INT_CONVERSION = YES;
				CLANG_WARN_NON_LITERAL_NULL_CONVERSION = YES;
				CLANG_WARN_OBJC_IMPLICIT_RETAIN_SELF = YES;
				CLANG_WARN_OBJC_LITERAL_CONVERSION = YES;
				CLANG_WARN_OBJC_ROOT_CLASS = YES_ERROR;
				CLANG_WARN_QUOTED_INCLUDE_IN_FRAMEWORK_HEADER = YES;
				CLANG_WARN_RANGE_LOOP_ANALYSIS = YES;
				CLANG_WARN_STRICT_PROTOTYPES = YES;
				CLANG_WARN_SUSPICIOUS_MOVE = YES;
				CLANG_WARN_UNGUARDED_AVAILABILITY = YES_AGGRESSIVE;
				CLANG_WARN_UNREACHABLE_CODE = YES;
				CLANG_WARN__DUPLICATE_METHOD_MATCH = YES;
				COPY_PHASE_STRIP = NO;
				DEBUG_INFORMATION_FORMAT = dwarf;
				ENABLE_STRICT_OBJC_MSGSEND = YES;
				ENABLE_TESTABILITY = YES;
				ENABLE_USER_SCRIPT_SANDBOXING = YES;
				GCC_C_LANGUAGE_STANDARD = gnu17;
				GCC_DYNAMIC_NO_PIC = NO;
				GCC_NO_COMMON_BLOCKS = YES;
				GCC_OPTIMIZATION_LEVEL = 0;
				GCC_PREPROCESSOR_DEFINITIONS = (
					"DEBUG=1",
					"$(inherited)",
				);
				GCC_WARN_64_TO_32_BIT_CONVERSION = YES;
				GCC_WARN_ABOUT_RETURN_TYPE = YES_ERROR;
				GCC_WARN_UNDECLARED_SELECTOR = YES;
				GCC_WARN_UNINITIALIZED_AUTOS = YES_AGGRESSIVE;
				GCC_WARN_UNUSED_FUNCTION = YES;
				GCC_WARN_UNUSED_VARIABLE = YES;
				IPHONEOS_DEPLOYMENT_TARGET = 17.2;
				LOCALIZATION_PREFERS_STRING_CATALOGS = YES;
				MTL_ENABLE_DEBUG_INFO = INCLUDE_SOURCE;
				MTL_FAST_MATH = YES;
				ONLY_ACTIVE_ARCH = YES;
				SDKROOT = iphoneos;
				SWIFT_ACTIVE_COMPILATION_CONDITIONS = "DEBUG $(inherited)";
				SWIFT_OPTIMIZATION_LEVEL = "-Onone";
			};
			name = Debug;
		};
		D2C8DCD52B95AB3F00F50D27 /* Release */ = {
			isa = XCBuildConfiguration;
			buildSettings = {
				ALWAYS_SEARCH_USER_PATHS = NO;
				ASSETCATALOG_COMPILER_GENERATE_SWIFT_ASSET_SYMBOL_EXTENSIONS = YES;
				CLANG_ANALYZER_NONNULL = YES;
				CLANG_ANALYZER_NUMBER_OBJECT_CONVERSION = YES_AGGRESSIVE;
				CLANG_CXX_LANGUAGE_STANDARD = "gnu++20";
				CLANG_ENABLE_MODULES = YES;
				CLANG_ENABLE_OBJC_ARC = YES;
				CLANG_ENABLE_OBJC_WEAK = YES;
				CLANG_WARN_BLOCK_CAPTURE_AUTORELEASING = YES;
				CLANG_WARN_BOOL_CONVERSION = YES;
				CLANG_WARN_COMMA = YES;
				CLANG_WARN_CONSTANT_CONVERSION = YES;
				CLANG_WARN_DEPRECATED_OBJC_IMPLEMENTATIONS = YES;
				CLANG_WARN_DIRECT_OBJC_ISA_USAGE = YES_ERROR;
				CLANG_WARN_DOCUMENTATION_COMMENTS = YES;
				CLANG_WARN_EMPTY_BODY = YES;
				CLANG_WARN_ENUM_CONVERSION = YES;
				CLANG_WARN_INFINITE_RECURSION = YES;
				CLANG_WARN_INT_CONVERSION = YES;
				CLANG_WARN_NON_LITERAL_NULL_CONVERSION = YES;
				CLANG_WARN_OBJC_IMPLICIT_RETAIN_SELF = YES;
				CLANG_WARN_OBJC_LITERAL_CONVERSION = YES;
				CLANG_WARN_OBJC_ROOT_CLASS = YES_ERROR;
				CLANG_WARN_QUOTED_INCLUDE_IN_FRAMEWORK_HEADER = YES;
				CLANG_WARN_RANGE_LOOP_ANALYSIS = YES;
				CLANG_WARN_STRICT_PROTOTYPES = YES;
				CLANG_WARN_SUSPICIOUS_MOVE = YES;
				CLANG_WARN_UNGUARDED_AVAILABILITY = YES_AGGRESSIVE;
				CLANG_WARN_UNREACHABLE_CODE = YES;
				CLANG_WARN__DUPLICATE_METHOD_MATCH = YES;
				COPY_PHASE_STRIP = NO;
				DEBUG_INFORMATION_FORMAT = "dwarf-with-dsym";
				ENABLE_NS_ASSERTIONS = NO;
				ENABLE_STRICT_OBJC_MSGSEND = YES;
				ENABLE_USER_SCRIPT_SANDBOXING = YES;
				GCC_C_LANGUAGE_STANDARD = gnu17;
				GCC_NO_COMMON_BLOCKS = YES;
				GCC_WARN_64_TO_32_BIT_CONVERSION = YES;
				GCC_WARN_ABOUT_RETURN_TYPE = YES_ERROR;
				GCC_WARN_UNDECLARED_SELECTOR = YES;
				GCC_WARN_UNINITIALIZED_AUTOS = YES_AGGRESSIVE;
				GCC_WARN_UNUSED_FUNCTION = YES;
				GCC_WARN_UNUSED_VARIABLE = YES;
				IPHONEOS_DEPLOYMENT_TARGET = 17.2;
				LOCALIZATION_PREFERS_STRING_CATALOGS = YES;
				MTL_ENABLE_DEBUG_INFO = NO;
				MTL_FAST_MATH = YES;
				SDKROOT = iphoneos;
				SWIFT_COMPILATION_MODE = wholemodule;
				VALIDATE_PRODUCT = YES;
			};
			name = Release;
		};
		D2C8DCD72B95AB3F00F50D27 /* Debug */ = {
			isa = XCBuildConfiguration;
			baseConfigurationReference = A0E7E9E4A6E7CE8EE4897125 /* Pods-AppAnimation.debug.xcconfig */;
			buildSettings = {
				ASSETCATALOG_COMPILER_APPICON_NAME = AppIcon;
				ASSETCATALOG_COMPILER_GLOBAL_ACCENT_COLOR_NAME = AccentColor;
				CODE_SIGN_STYLE = Automatic;
				CURRENT_PROJECT_VERSION = 1;
				DEVELOPMENT_ASSET_PATHS = "\"AppAnimation/Preview Content\"";
				DEVELOPMENT_TEAM = YAH93RZF3C;
				ENABLE_PREVIEWS = YES;
				GENERATE_INFOPLIST_FILE = YES;
				INFOPLIST_FILE = AppAnimation/Info.plist;
				INFOPLIST_KEY_UIApplicationSceneManifest_Generation = YES;
				INFOPLIST_KEY_UIApplicationSupportsIndirectInputEvents = YES;
				INFOPLIST_KEY_UILaunchScreen_Generation = YES;
				INFOPLIST_KEY_UISupportedInterfaceOrientations_iPad = "UIInterfaceOrientationPortrait UIInterfaceOrientationPortraitUpsideDown UIInterfaceOrientationLandscapeLeft UIInterfaceOrientationLandscapeRight";
				INFOPLIST_KEY_UISupportedInterfaceOrientations_iPhone = "UIInterfaceOrientationPortrait UIInterfaceOrientationLandscapeLeft UIInterfaceOrientationLandscapeRight";
				LD_RUNPATH_SEARCH_PATHS = (
					"$(inherited)",
					"@executable_path/Frameworks",
				);
				MARKETING_VERSION = 1.0;
				PRODUCT_BUNDLE_IDENTIFIER = test.AppAnimation;
				PRODUCT_NAME = "$(TARGET_NAME)";
				SWIFT_EMIT_LOC_STRINGS = YES;
				SWIFT_VERSION = 5.0;
				TARGETED_DEVICE_FAMILY = "1,2";
			};
			name = Debug;
		};
		D2C8DCD82B95AB3F00F50D27 /* Release */ = {
			isa = XCBuildConfiguration;
			baseConfigurationReference = 10BB52107A46DFE23736C7CB /* Pods-AppAnimation.release.xcconfig */;
			buildSettings = {
				ASSETCATALOG_COMPILER_APPICON_NAME = AppIcon;
				ASSETCATALOG_COMPILER_GLOBAL_ACCENT_COLOR_NAME = AccentColor;
				CODE_SIGN_STYLE = Automatic;
				CURRENT_PROJECT_VERSION = 1;
				DEVELOPMENT_ASSET_PATHS = "\"AppAnimation/Preview Content\"";
				DEVELOPMENT_TEAM = YAH93RZF3C;
				ENABLE_PREVIEWS = YES;
				GENERATE_INFOPLIST_FILE = YES;
				INFOPLIST_FILE = AppAnimation/Info.plist;
				INFOPLIST_KEY_UIApplicationSceneManifest_Generation = YES;
				INFOPLIST_KEY_UIApplicationSupportsIndirectInputEvents = YES;
				INFOPLIST_KEY_UILaunchScreen_Generation = YES;
				INFOPLIST_KEY_UISupportedInterfaceOrientations_iPad = "UIInterfaceOrientationPortrait UIInterfaceOrientationPortraitUpsideDown UIInterfaceOrientationLandscapeLeft UIInterfaceOrientationLandscapeRight";
				INFOPLIST_KEY_UISupportedInterfaceOrientations_iPhone = "UIInterfaceOrientationPortrait UIInterfaceOrientationLandscapeLeft UIInterfaceOrientationLandscapeRight";
				LD_RUNPATH_SEARCH_PATHS = (
					"$(inherited)",
					"@executable_path/Frameworks",
				);
				MARKETING_VERSION = 1.0;
				PRODUCT_BUNDLE_IDENTIFIER = test.AppAnimation;
				PRODUCT_NAME = "$(TARGET_NAME)";
				SWIFT_EMIT_LOC_STRINGS = YES;
				SWIFT_VERSION = 5.0;
				TARGETED_DEVICE_FAMILY = "1,2";
			};
			name = Release;
		};
		D2C8DCDA2B95AB3F00F50D27 /* Debug */ = {
			isa = XCBuildConfiguration;
			buildSettings = {
				ALWAYS_EMBED_SWIFT_STANDARD_LIBRARIES = YES;
				BUNDLE_LOADER = "$(TEST_HOST)";
				CODE_SIGN_STYLE = Automatic;
				CURRENT_PROJECT_VERSION = 1;
				DEVELOPMENT_TEAM = YAH93RZF3C;
				GENERATE_INFOPLIST_FILE = YES;
				IPHONEOS_DEPLOYMENT_TARGET = 17.2;
				MARKETING_VERSION = 1.0;
				PRODUCT_BUNDLE_IDENTIFIER = test.AppAnimationTests;
				PRODUCT_NAME = "$(TARGET_NAME)";
				SWIFT_EMIT_LOC_STRINGS = NO;
				SWIFT_VERSION = 5.0;
				TARGETED_DEVICE_FAMILY = "1,2";
				TEST_HOST = "$(BUILT_PRODUCTS_DIR)/AppAnimation.app/$(BUNDLE_EXECUTABLE_FOLDER_PATH)/AppAnimation";
			};
			name = Debug;
		};
		D2C8DCDB2B95AB3F00F50D27 /* Release */ = {
			isa = XCBuildConfiguration;
			buildSettings = {
				ALWAYS_EMBED_SWIFT_STANDARD_LIBRARIES = YES;
				BUNDLE_LOADER = "$(TEST_HOST)";
				CODE_SIGN_STYLE = Automatic;
				CURRENT_PROJECT_VERSION = 1;
				DEVELOPMENT_TEAM = YAH93RZF3C;
				GENERATE_INFOPLIST_FILE = YES;
				IPHONEOS_DEPLOYMENT_TARGET = 17.2;
				MARKETING_VERSION = 1.0;
				PRODUCT_BUNDLE_IDENTIFIER = test.AppAnimationTests;
				PRODUCT_NAME = "$(TARGET_NAME)";
				SWIFT_EMIT_LOC_STRINGS = NO;
				SWIFT_VERSION = 5.0;
				TARGETED_DEVICE_FAMILY = "1,2";
				TEST_HOST = "$(BUILT_PRODUCTS_DIR)/AppAnimation.app/$(BUNDLE_EXECUTABLE_FOLDER_PATH)/AppAnimation";
			};
			name = Release;
		};
		D2C8DCDD2B95AB3F00F50D27 /* Debug */ = {
			isa = XCBuildConfiguration;
			buildSettings = {
				ALWAYS_EMBED_SWIFT_STANDARD_LIBRARIES = YES;
				CODE_SIGN_STYLE = Automatic;
				CURRENT_PROJECT_VERSION = 1;
				DEVELOPMENT_TEAM = YAH93RZF3C;
				GENERATE_INFOPLIST_FILE = YES;
				MARKETING_VERSION = 1.0;
				PRODUCT_BUNDLE_IDENTIFIER = test.AppAnimationUITests;
				PRODUCT_NAME = "$(TARGET_NAME)";
				SWIFT_EMIT_LOC_STRINGS = NO;
				SWIFT_VERSION = 5.0;
				TARGETED_DEVICE_FAMILY = "1,2";
				TEST_TARGET_NAME = AppAnimation;
			};
			name = Debug;
		};
		D2C8DCDE2B95AB3F00F50D27 /* Release */ = {
			isa = XCBuildConfiguration;
			buildSettings = {
				ALWAYS_EMBED_SWIFT_STANDARD_LIBRARIES = YES;
				CODE_SIGN_STYLE = Automatic;
				CURRENT_PROJECT_VERSION = 1;
				DEVELOPMENT_TEAM = YAH93RZF3C;
				GENERATE_INFOPLIST_FILE = YES;
				MARKETING_VERSION = 1.0;
				PRODUCT_BUNDLE_IDENTIFIER = test.AppAnimationUITests;
				PRODUCT_NAME = "$(TARGET_NAME)";
				SWIFT_EMIT_LOC_STRINGS = NO;
				SWIFT_VERSION = 5.0;
				TARGETED_DEVICE_FAMILY = "1,2";
				TEST_TARGET_NAME = AppAnimation;
			};
			name = Release;
		};
/* End XCBuildConfiguration section */

/* Begin XCConfigurationList section */
		D2C8DCAB2B95AB3C00F50D27 /* Build configuration list for PBXProject "AppAnimation" */ = {
			isa = XCConfigurationList;
			buildConfigurations = (
				D2C8DCD42B95AB3F00F50D27 /* Debug */,
				D2C8DCD52B95AB3F00F50D27 /* Release */,
			);
			defaultConfigurationIsVisible = 0;
			defaultConfigurationName = Release;
		};
		D2C8DCD62B95AB3F00F50D27 /* Build configuration list for PBXNativeTarget "AppAnimation" */ = {
			isa = XCConfigurationList;
			buildConfigurations = (
				D2C8DCD72B95AB3F00F50D27 /* Debug */,
				D2C8DCD82B95AB3F00F50D27 /* Release */,
			);
			defaultConfigurationIsVisible = 0;
			defaultConfigurationName = Release;
		};
		D2C8DCD92B95AB3F00F50D27 /* Build configuration list for PBXNativeTarget "AppAnimationTests" */ = {
			isa = XCConfigurationList;
			buildConfigurations = (
				D2C8DCDA2B95AB3F00F50D27 /* Debug */,
				D2C8DCDB2B95AB3F00F50D27 /* Release */,
			);
			defaultConfigurationIsVisible = 0;
			defaultConfigurationName = Release;
		};
		D2C8DCDC2B95AB3F00F50D27 /* Build configuration list for PBXNativeTarget "AppAnimationUITests" */ = {
			isa = XCConfigurationList;
			buildConfigurations = (
				D2C8DCDD2B95AB3F00F50D27 /* Debug */,
				D2C8DCDE2B95AB3F00F50D27 /* Release */,
			);
			defaultConfigurationIsVisible = 0;
			defaultConfigurationName = Release;
		};
/* End XCConfigurationList section */

/* Begin XCRemoteSwiftPackageReference section */
		D20D9EF42B9949A200D183BA /* XCRemoteSwiftPackageReference "swift-algorithms" */ = {
			isa = XCRemoteSwiftPackageReference;
			repositoryURL = "https://github.com/apple/swift-algorithms.git";
			requirement = {
				kind = upToNextMajorVersion;
				minimumVersion = 1.2.0;
			};
		};
/* End XCRemoteSwiftPackageReference section */

/* Begin XCSwiftPackageProductDependency section */
		D20D9EF52B9949A200D183BA /* Algorithms */ = {
			isa = XCSwiftPackageProductDependency;
			package = D20D9EF42B9949A200D183BA /* XCRemoteSwiftPackageReference "swift-algorithms" */;
			productName = Algorithms;
		};
/* End XCSwiftPackageProductDependency section */
	};
	rootObject = D2C8DCA82B95AB3C00F50D27 /* Project object */;
}
